
Microsoft Visual Studio Solution File, Format Version 12.00
# Visual Studio Version 17
VisualStudioVersion = 17.4.33213.308
MinimumVisualStudioVersion = 10.0.40219.1
Project("{9A19103F-16F7-4668-BE54-9A1E7A4F7556}") = "Market.Presentation.WinUI", "Market.Presentation.WinUI\Market.Presentation.WinUI.csproj", "{725D0B0D-1C38-4F2C-802F-D466DBD3E3A3}"
EndProject
Project("{9A19103F-16F7-4668-BE54-9A1E7A4F7556}") = "Market.Entity", "Market.Entity\Market.Entity.csproj", "{17507FFF-7495-4D1E-8EC1-371364478967}"
EndProject
Project("{9A19103F-16F7-4668-BE54-9A1E7A4F7556}") = "Market.DataAccess", "Market.DataAccess\Market.DataAccess.csproj", "{4E0B3D5C-3274-41BA-89C0-2233A5FB169B}"
EndProject
Project("{9A19103F-16F7-4668-BE54-9A1E7A4F7556}") = "Market.Business", "Market.Business\Market.Business.csproj", "{42B0397F-8171-42B8-8058-C083652C49A4}"
EndProject
Project("{2150E333-8FDC-42A3-9474-1A3956D46DE8}") = "Core", "Core", "{C71F8CE1-4847-4AAC-8CED-C5CACDEEA988}"
EndProject
Project("{2150E333-8FDC-42A3-9474-1A3956D46DE8}") = "Presentation", "Presentation", "{C670A845-685A-43B8-9EB1-C1005CBC25E0}"
EndProject
Project("{2150E333-8FDC-42A3-9474-1A3956D46DE8}") = "Utility", "Utility", "{B1BD1239-3377-4747-9482-7C5312A3509A}"
EndProject
Project("{9A19103F-16F7-4668-BE54-9A1E7A4F7556}") = "Market.Helper", "Market.Helper\Market.Helper.csproj", "{3598047D-15D8-4D99-A1C5-9A426CABB40C}"
EndProject
Project("{9A19103F-16F7-4668-BE54-9A1E7A4F7556}") = "Market.Otomasyon", "Market.Otomasyon\Market.Otomasyon.csproj", "{E86DD425-523E-462C-9457-47211CF6D0B7}"
EndProject
Project("{2150E333-8FDC-42A3-9474-1A3956D46DE8}") = "Test", "Test", "{6507C386-74AE-47D8-ABEA-18079E374F19}"
EndProject
Project("{9A19103F-16F7-4668-BE54-9A1E7A4F7556}") = "Market.Test.LocalDb", "Market.Test.LocalDb\Market.Test.LocalDb.csproj", "{70559ACC-CCB9-40F5-9390-31223AA3AE07}"
EndProject
Project("{9A19103F-16F7-4668-BE54-9A1E7A4F7556}") = "Market.Test.LocalDbEf", "Market.Test.LocalDbEf\Market.Test.LocalDbEf.csproj", "{A2C75686-6710-466C-BE81-A1CB476BE9AA}"
EndProject
Project("{9A19103F-16F7-4668-BE54-9A1E7A4F7556}") = "Market.Test.Uygulamalar", "Market.Test.Uygulamalar\Market.Test.Uygulamalar.csproj", "{297917B9-96D5-40A2-A5D3-CBFF8BEF24CA}"
EndProject
Project("{9A19103F-16F7-4668-BE54-9A1E7A4F7556}") = "Market.WorkerService", "Market.WorkerService\Market.WorkerService.csproj", "{9925E345-1842-49DA-9A05-986AE60A9566}"
EndProject
Project("{9A19103F-16F7-4668-BE54-9A1E7A4F7556}") = "Market.Test.Sqlite", "Market.Test.Sqlite\Market.Test.Sqlite.csproj", "{C6016F27-76C9-4DD8-BC61-83530B1DBDE2}"
EndProject
Project("{2150E333-8FDC-42A3-9474-1A3956D46DE8}") = "Setup", "Setup", "{BE0490D4-98AD-4097-8022-D08C7F33D1CB}"
EndProject
Project("{54435603-DBB4-11D2-8724-00A0C9A8B90C}") = "SetupSqlite", "SetupSqlite\SetupSqlite.vdproj", "{34239E16-4C42-4C4C-86DA-14AF5104C0EB}"
EndProject
Project("{2150E333-8FDC-42A3-9474-1A3956D46DE8}") = "Examples", "Examples", "{30D60903-B13C-47A8-B3A8-A9AAAC31673B}"
EndProject
Project("{9A19103F-16F7-4668-BE54-9A1E7A4F7556}") = "OgrenciTakip", "Examples\OgrenciTakip\OgrenciTakip.csproj", "{D174BAA9-B76C-40C5-AFEF-6B4620C72C36}"
EndProject
Project("{9A19103F-16F7-4668-BE54-9A1E7A4F7556}") = "Metotlar", "Examples\Metotlar\Metotlar.csproj", "{955F3271-47F1-4533-A1D7-4402A9E3FAFF}"
EndProject
Project("{2150E333-8FDC-42A3-9474-1A3956D46DE8}") = "MerhabaClass", "MerhabaClass", "{8F7CC5DD-EAA6-4AF2-BF66-0E32731FD2EA}"
EndProject
Project("{9A19103F-16F7-4668-BE54-9A1E7A4F7556}") = "MerhabaClassKutuphanesi", "Examples\MerhabaClass\MerhabaClassKutuphanesi\MerhabaClassKutuphanesi.csproj", "{464420CE-D5DD-46E5-ABD3-E5DEE6CF187E}"
EndProject
Project("{9A19103F-16F7-4668-BE54-9A1E7A4F7556}") = "MerhabaClass2", "Examples\MerhabaClass\MerhabaClass2\MerhabaClass2.csproj", "{F06845A7-FFFA-4DDE-A464-6D243DC4B9A3}"
EndProject
Project("{9A19103F-16F7-4668-BE54-9A1E7A4F7556}") = "MerhabaClass", "Examples\MerhabaClass\MerhabaClass\MerhabaClass.csproj", "{68BB0605-720B-4632-8CA4-01B11CC0E41F}"
EndProject
Project("{9A19103F-16F7-4668-BE54-9A1E7A4F7556}") = "Ornekler", "Examples\Ornekler\Ornekler.csproj", "{DB16CD39-87AA-4BC5-B351-7C58C68C3176}"
EndProject
Project("{2150E333-8FDC-42A3-9474-1A3956D46DE8}") = "Denemeler", "Denemeler", "{9CDE5494-FC28-4E0C-B44A-607E9D671AEF}"
EndProject
Project("{9A19103F-16F7-4668-BE54-9A1E7A4F7556}") = "HesapMak", "Examples\Denemeler\HesapMak\HesapMak.csproj", "{37E25AE1-3382-4264-80EC-D23A6127ED31}"
EndProject
Project("{2150E333-8FDC-42A3-9474-1A3956D46DE8}") = "SinifKutuphanesiOrnek", "SinifKutuphanesiOrnek", "{5E83434B-B308-4FC0-B091-13ACCD175551}"
EndProject
Project("{9A19103F-16F7-4668-BE54-9A1E7A4F7556}") = "BenimKutuphanem", "Examples\SinifKutuphanesiOrnek\BenimKutuphanem\BenimKutuphanem.csproj", "{FC51D702-67C2-48DE-8445-45B852593344}"
EndProject
Project("{9A19103F-16F7-4668-BE54-9A1E7A4F7556}") = "Diziler", "Examples\SinifKutuphanesiOrnek\Diziler\Diziler.csproj", "{7AADC9F9-16B6-4BE7-8FB9-333D49322BBF}"
EndProject
Project("{9A19103F-16F7-4668-BE54-9A1E7A4F7556}") = "Kutuphane2", "Examples\SinifKutuphanesiOrnek\Kutuphane2\Kutuphane2.csproj", "{29850D41-FAF5-440C-A873-5C59527A1C22}"
EndProject
Project("{9A19103F-16F7-4668-BE54-9A1E7A4F7556}") = "SinifKutuphanesi", "Examples\SinifKutuphanesiOrnek\SinifKutuphanesi\SinifKutuphanesi.csproj", "{5BA34283-93EE-46EE-89E2-736DDD3FE4D5}"
EndProject
Project("{9A19103F-16F7-4668-BE54-9A1E7A4F7556}") = "Siniflar", "Examples\Denemeler\Siniflar\Siniflar.csproj", "{18F961A7-8E4F-452F-A891-3BAB4FD6454E}"
EndProject
Project("{9A19103F-16F7-4668-BE54-9A1E7A4F7556}") = "IlkProje", "Examples\IlkProje\IlkProje.csproj", "{C6045420-FF93-4B33-9A80-E1101F1C2528}"
EndProject
Project("{9A19103F-16F7-4668-BE54-9A1E7A4F7556}") = "HesapMakinasi", "Examples\HesapMakinasi\HesapMakinasi.csproj", "{217255E2-FF8D-4886-88AB-D8ADBFAC22DF}"
EndProject
Project("{9A19103F-16F7-4668-BE54-9A1E7A4F7556}") = "HataYakalama", "Examples\Denemeler\HataYakalama\HataYakalama.csproj", "{A86BE55C-3C99-413E-A3BF-EC5D659981B7}"
EndProject
Project("{2150E333-8FDC-42A3-9474-1A3956D46DE8}") = "ClassVeClassLibraryOrnek", "ClassVeClassLibraryOrnek", "{7800F4B1-482E-4D81-994B-37F59254A751}"
EndProject
Project("{9A19103F-16F7-4668-BE54-9A1E7A4F7556}") = "BenimKutuphanem", "Examples\Denemeler\ClassVeClassLibraryOrnek\BenimKutuphanem\BenimKutuphanem.csproj", "{42FC6925-6580-4EAE-BDB6-ABBC974D2877}"
EndProject
Project("{9A19103F-16F7-4668-BE54-9A1E7A4F7556}") = "Program1", "Examples\Denemeler\ClassVeClassLibraryOrnek\Program1\Program1.csproj", "{155020E0-03A9-46EB-8AF6-80FD5A28D131}"
EndProject
Project("{9A19103F-16F7-4668-BE54-9A1E7A4F7556}") = "Program2", "Examples\Denemeler\ClassVeClassLibraryOrnek\Program2\Program2.csproj", "{6A5F3776-5155-4189-B514-8E806EDD5C8B}"
EndProject
Project("{2150E333-8FDC-42A3-9474-1A3956D46DE8}") = "BilimselHesapMak", "BilimselHesapMak", "{828F2A94-F257-467E-BDCB-C566BCE082A8}"
EndProject
Project("{9A19103F-16F7-4668-BE54-9A1E7A4F7556}") = "HesapMakinasi", "Examples\Denemeler\BilimselHesapMak\HesapMakinasi\HesapMakinasi.csproj", "{2F48E51B-20B8-4A35-978D-C685719ED673}"
EndProject
Project("{9A19103F-16F7-4668-BE54-9A1E7A4F7556}") = "AynilariBulma", "Examples\AynilariBulma\AynilariBulma.csproj", "{330D4DE0-FEA3-4BB8-B537-E90DD0729C48}"
EndProject
Project("{2150E333-8FDC-42A3-9474-1A3956D46DE8}") = "AlgoritmaOrnekleri", "AlgoritmaOrnekleri", "{7B94EDB0-99EC-4CD9-A3DF-F1CA5A4B7F6B}"
EndProject
Project("{9A19103F-16F7-4668-BE54-9A1E7A4F7556}") = "Ornekler1", "Examples\Denemeler\AlgoritmaOrnekleri\Ornekler1\Ornekler1.csproj", "{7FACFDBB-B083-463A-ADDD-E95B9276F7B7}"
EndProject
Project("{9A19103F-16F7-4668-BE54-9A1E7A4F7556}") = "DBTest", "Examples\Denemeler\DBTest\DBTest.csproj", "{8281946B-3B7A-47AD-8014-3543B4613D10}"
EndProject
Project("{2150E333-8FDC-42A3-9474-1A3956D46DE8}") = "Console", "Console", "{2F5D949E-8A2D-49AD-BD9F-97739CBFACBE}"
EndProject
Project("{9A19103F-16F7-4668-BE54-9A1E7A4F7556}") = "ConsoleApp1", "Examples\Console\ConsoleApp1\ConsoleApp1.csproj", "{70D9489A-2BB3-4C4D-9336-4E7A45087974}"
EndProject
Project("{9A19103F-16F7-4668-BE54-9A1E7A4F7556}") = "ConsoleApp2", "Examples\Console\ConsoleApp2\ConsoleApp2.csproj", "{E340E4B0-1898-4987-B43B-E9D3737A3E77}"
EndProject
Project("{9A19103F-16F7-4668-BE54-9A1E7A4F7556}") = "VeriTabaniDeneme", "Examples\Denemeler\VeriTabaniDeneme\VeriTabaniDeneme.csproj", "{2B6DA06A-A942-44E2-8AA5-E54571BF8EB6}"
EndProject
Project("{9A19103F-16F7-4668-BE54-9A1E7A4F7556}") = "WinFormsApp1", "Examples\Denemeler\WinFormsApp1\WinFormsApp1.csproj", "{FD9E2551-5E82-4188-8B10-E98F352E12CD}"
EndProject
Project("{9A19103F-16F7-4668-BE54-9A1E7A4F7556}") = "WinFormsApp2", "Examples\Denemeler\WinFormsApp2\WinFormsApp2.csproj", "{A582A1CA-9501-40A7-963C-E7A4B281FF6D}"
EndProject
Project("{9A19103F-16F7-4668-BE54-9A1E7A4F7556}") = "ConsoleSinifOrnekleri", "Examples\Console\ConsoleSinifOrnekleri\ConsoleSinifOrnekleri.csproj", "{0D0225F2-84A2-4C83-BDA3-B0BFCC189789}"
EndProject
Project("{9A19103F-16F7-4668-BE54-9A1E7A4F7556}") = "Market.Test.AdoEntityDataModel", "Market.Test.AdoEntityDataModel\Market.Test.AdoEntityDataModel.csproj", "{ADF85D75-5876-4A99-921F-CD4231963325}"
EndProject
Project("{9A19103F-16F7-4668-BE54-9A1E7A4F7556}") = "WinFormEFSqLite", "Examples\WinFormEFSqLite\WinFormEFSqLite.csproj", "{7CF9898B-BA15-4D05-807A-7373C8746DE8}"
EndProject
Project("{9A19103F-16F7-4668-BE54-9A1E7A4F7556}") = "Market.Test.Dapper", "Market.Test.Dapper\Market.Test.Dapper.csproj", "{4E53A42D-7FFE-4168-AE88-F5666CA16C27}"
EndProject
Project("{2150E333-8FDC-42A3-9474-1A3956D46DE8}") = "WorkerServisOrnek", "WorkerServisOrnek", "{24FEA7DB-235A-41C8-B7F3-537F2F36A71D}"
EndProject
Project("{9A19103F-16F7-4668-BE54-9A1E7A4F7556}") = "DeleteBackUpFileService", "Examples\WorkerServis\DeleteBackUpFileService\DeleteBackUpFileService.csproj", "{9E13B10A-4F2E-4C5C-918F-DFF30802C095}"
EndProject
Project("{FAE04EC0-301F-11D3-BF4B-00C04F79EFBC}") = "WorkerServiceBasit", "Examples\WorkerServis\WorkerServiceBasit\WorkerServiceBasit.csproj", "{8568767D-51E0-4A0B-BFE7-0F2C5151739D}"
EndProject
Global
	GlobalSection(SolutionConfigurationPlatforms) = preSolution
		Debug|Any CPU = Debug|Any CPU
		Release|Any CPU = Release|Any CPU
	EndGlobalSection
	GlobalSection(ProjectConfigurationPlatforms) = postSolution
		{725D0B0D-1C38-4F2C-802F-D466DBD3E3A3}.Debug|Any CPU.ActiveCfg = Debug|Any CPU
		{725D0B0D-1C38-4F2C-802F-D466DBD3E3A3}.Debug|Any CPU.Build.0 = Debug|Any CPU
		{725D0B0D-1C38-4F2C-802F-D466DBD3E3A3}.Release|Any CPU.ActiveCfg = Release|Any CPU
		{725D0B0D-1C38-4F2C-802F-D466DBD3E3A3}.Release|Any CPU.Build.0 = Release|Any CPU
		{17507FFF-7495-4D1E-8EC1-371364478967}.Debug|Any CPU.ActiveCfg = Debug|Any CPU
		{17507FFF-7495-4D1E-8EC1-371364478967}.Debug|Any CPU.Build.0 = Debug|Any CPU
		{17507FFF-7495-4D1E-8EC1-371364478967}.Release|Any CPU.ActiveCfg = Release|Any CPU
		{17507FFF-7495-4D1E-8EC1-371364478967}.Release|Any CPU.Build.0 = Release|Any CPU
		{4E0B3D5C-3274-41BA-89C0-2233A5FB169B}.Debug|Any CPU.ActiveCfg = Debug|Any CPU
		{4E0B3D5C-3274-41BA-89C0-2233A5FB169B}.Debug|Any CPU.Build.0 = Debug|Any CPU
		{4E0B3D5C-3274-41BA-89C0-2233A5FB169B}.Release|Any CPU.ActiveCfg = Release|Any CPU
		{4E0B3D5C-3274-41BA-89C0-2233A5FB169B}.Release|Any CPU.Build.0 = Release|Any CPU
		{42B0397F-8171-42B8-8058-C083652C49A4}.Debug|Any CPU.ActiveCfg = Debug|Any CPU
		{42B0397F-8171-42B8-8058-C083652C49A4}.Debug|Any CPU.Build.0 = Debug|Any CPU
		{42B0397F-8171-42B8-8058-C083652C49A4}.Release|Any CPU.ActiveCfg = Release|Any CPU
		{42B0397F-8171-42B8-8058-C083652C49A4}.Release|Any CPU.Build.0 = Release|Any CPU
		{3598047D-15D8-4D99-A1C5-9A426CABB40C}.Debug|Any CPU.ActiveCfg = Debug|Any CPU
		{3598047D-15D8-4D99-A1C5-9A426CABB40C}.Debug|Any CPU.Build.0 = Debug|Any CPU
		{3598047D-15D8-4D99-A1C5-9A426CABB40C}.Release|Any CPU.ActiveCfg = Release|Any CPU
		{3598047D-15D8-4D99-A1C5-9A426CABB40C}.Release|Any CPU.Build.0 = Release|Any CPU
		{E86DD425-523E-462C-9457-47211CF6D0B7}.Debug|Any CPU.ActiveCfg = Debug|Any CPU
		{E86DD425-523E-462C-9457-47211CF6D0B7}.Debug|Any CPU.Build.0 = Debug|Any CPU
		{E86DD425-523E-462C-9457-47211CF6D0B7}.Release|Any CPU.ActiveCfg = Release|Any CPU
		{E86DD425-523E-462C-9457-47211CF6D0B7}.Release|Any CPU.Build.0 = Release|Any CPU
		{70559ACC-CCB9-40F5-9390-31223AA3AE07}.Debug|Any CPU.ActiveCfg = Debug|Any CPU
		{70559ACC-CCB9-40F5-9390-31223AA3AE07}.Debug|Any CPU.Build.0 = Debug|Any CPU
		{70559ACC-CCB9-40F5-9390-31223AA3AE07}.Release|Any CPU.ActiveCfg = Release|Any CPU
		{70559ACC-CCB9-40F5-9390-31223AA3AE07}.Release|Any CPU.Build.0 = Release|Any CPU
		{A2C75686-6710-466C-BE81-A1CB476BE9AA}.Debug|Any CPU.ActiveCfg = Debug|Any CPU
		{A2C75686-6710-466C-BE81-A1CB476BE9AA}.Debug|Any CPU.Build.0 = Debug|Any CPU
		{A2C75686-6710-466C-BE81-A1CB476BE9AA}.Release|Any CPU.ActiveCfg = Release|Any CPU
		{A2C75686-6710-466C-BE81-A1CB476BE9AA}.Release|Any CPU.Build.0 = Release|Any CPU
		{297917B9-96D5-40A2-A5D3-CBFF8BEF24CA}.Debug|Any CPU.ActiveCfg = Debug|Any CPU
		{297917B9-96D5-40A2-A5D3-CBFF8BEF24CA}.Debug|Any CPU.Build.0 = Debug|Any CPU
		{297917B9-96D5-40A2-A5D3-CBFF8BEF24CA}.Release|Any CPU.ActiveCfg = Release|Any CPU
		{297917B9-96D5-40A2-A5D3-CBFF8BEF24CA}.Release|Any CPU.Build.0 = Release|Any CPU
		{9925E345-1842-49DA-9A05-986AE60A9566}.Debug|Any CPU.ActiveCfg = Debug|Any CPU
		{9925E345-1842-49DA-9A05-986AE60A9566}.Debug|Any CPU.Build.0 = Debug|Any CPU
		{9925E345-1842-49DA-9A05-986AE60A9566}.Release|Any CPU.ActiveCfg = Release|Any CPU
		{9925E345-1842-49DA-9A05-986AE60A9566}.Release|Any CPU.Build.0 = Release|Any CPU
		{C6016F27-76C9-4DD8-BC61-83530B1DBDE2}.Debug|Any CPU.ActiveCfg = Debug|Any CPU
		{C6016F27-76C9-4DD8-BC61-83530B1DBDE2}.Debug|Any CPU.Build.0 = Debug|Any CPU
		{C6016F27-76C9-4DD8-BC61-83530B1DBDE2}.Release|Any CPU.ActiveCfg = Release|Any CPU
		{C6016F27-76C9-4DD8-BC61-83530B1DBDE2}.Release|Any CPU.Build.0 = Release|Any CPU
		{34239E16-4C42-4C4C-86DA-14AF5104C0EB}.Debug|Any CPU.ActiveCfg = Debug
		{34239E16-4C42-4C4C-86DA-14AF5104C0EB}.Release|Any CPU.ActiveCfg = Release
		{D174BAA9-B76C-40C5-AFEF-6B4620C72C36}.Debug|Any CPU.ActiveCfg = Debug|Any CPU
		{D174BAA9-B76C-40C5-AFEF-6B4620C72C36}.Debug|Any CPU.Build.0 = Debug|Any CPU
		{D174BAA9-B76C-40C5-AFEF-6B4620C72C36}.Release|Any CPU.ActiveCfg = Release|Any CPU
		{D174BAA9-B76C-40C5-AFEF-6B4620C72C36}.Release|Any CPU.Build.0 = Release|Any CPU
		{955F3271-47F1-4533-A1D7-4402A9E3FAFF}.Debug|Any CPU.ActiveCfg = Debug|Any CPU
		{955F3271-47F1-4533-A1D7-4402A9E3FAFF}.Debug|Any CPU.Build.0 = Debug|Any CPU
		{955F3271-47F1-4533-A1D7-4402A9E3FAFF}.Release|Any CPU.ActiveCfg = Release|Any CPU
		{955F3271-47F1-4533-A1D7-4402A9E3FAFF}.Release|Any CPU.Build.0 = Release|Any CPU
		{464420CE-D5DD-46E5-ABD3-E5DEE6CF187E}.Debug|Any CPU.ActiveCfg = Debug|Any CPU
		{464420CE-D5DD-46E5-ABD3-E5DEE6CF187E}.Debug|Any CPU.Build.0 = Debug|Any CPU
		{464420CE-D5DD-46E5-ABD3-E5DEE6CF187E}.Release|Any CPU.ActiveCfg = Release|Any CPU
		{464420CE-D5DD-46E5-ABD3-E5DEE6CF187E}.Release|Any CPU.Build.0 = Release|Any CPU
		{F06845A7-FFFA-4DDE-A464-6D243DC4B9A3}.Debug|Any CPU.ActiveCfg = Debug|Any CPU
		{F06845A7-FFFA-4DDE-A464-6D243DC4B9A3}.Debug|Any CPU.Build.0 = Debug|Any CPU
		{F06845A7-FFFA-4DDE-A464-6D243DC4B9A3}.Release|Any CPU.ActiveCfg = Release|Any CPU
		{F06845A7-FFFA-4DDE-A464-6D243DC4B9A3}.Release|Any CPU.Build.0 = Release|Any CPU
		{68BB0605-720B-4632-8CA4-01B11CC0E41F}.Debug|Any CPU.ActiveCfg = Debug|Any CPU
		{68BB0605-720B-4632-8CA4-01B11CC0E41F}.Debug|Any CPU.Build.0 = Debug|Any CPU
		{68BB0605-720B-4632-8CA4-01B11CC0E41F}.Release|Any CPU.ActiveCfg = Release|Any CPU
		{68BB0605-720B-4632-8CA4-01B11CC0E41F}.Release|Any CPU.Build.0 = Release|Any CPU
		{DB16CD39-87AA-4BC5-B351-7C58C68C3176}.Debug|Any CPU.ActiveCfg = Debug|Any CPU
		{DB16CD39-87AA-4BC5-B351-7C58C68C3176}.Debug|Any CPU.Build.0 = Debug|Any CPU
		{DB16CD39-87AA-4BC5-B351-7C58C68C3176}.Release|Any CPU.ActiveCfg = Release|Any CPU
		{DB16CD39-87AA-4BC5-B351-7C58C68C3176}.Release|Any CPU.Build.0 = Release|Any CPU
		{37E25AE1-3382-4264-80EC-D23A6127ED31}.Debug|Any CPU.ActiveCfg = Debug|Any CPU
		{37E25AE1-3382-4264-80EC-D23A6127ED31}.Debug|Any CPU.Build.0 = Debug|Any CPU
		{37E25AE1-3382-4264-80EC-D23A6127ED31}.Release|Any CPU.ActiveCfg = Release|Any CPU
		{37E25AE1-3382-4264-80EC-D23A6127ED31}.Release|Any CPU.Build.0 = Release|Any CPU
		{FC51D702-67C2-48DE-8445-45B852593344}.Debug|Any CPU.ActiveCfg = Debug|Any CPU
		{FC51D702-67C2-48DE-8445-45B852593344}.Debug|Any CPU.Build.0 = Debug|Any CPU
		{FC51D702-67C2-48DE-8445-45B852593344}.Release|Any CPU.ActiveCfg = Release|Any CPU
		{FC51D702-67C2-48DE-8445-45B852593344}.Release|Any CPU.Build.0 = Release|Any CPU
		{7AADC9F9-16B6-4BE7-8FB9-333D49322BBF}.Debug|Any CPU.ActiveCfg = Debug|Any CPU
		{7AADC9F9-16B6-4BE7-8FB9-333D49322BBF}.Debug|Any CPU.Build.0 = Debug|Any CPU
		{7AADC9F9-16B6-4BE7-8FB9-333D49322BBF}.Release|Any CPU.ActiveCfg = Release|Any CPU
		{7AADC9F9-16B6-4BE7-8FB9-333D49322BBF}.Release|Any CPU.Build.0 = Release|Any CPU
		{29850D41-FAF5-440C-A873-5C59527A1C22}.Debug|Any CPU.ActiveCfg = Debug|Any CPU
		{29850D41-FAF5-440C-A873-5C59527A1C22}.Debug|Any CPU.Build.0 = Debug|Any CPU
		{29850D41-FAF5-440C-A873-5C59527A1C22}.Release|Any CPU.ActiveCfg = Release|Any CPU
		{29850D41-FAF5-440C-A873-5C59527A1C22}.Release|Any CPU.Build.0 = Release|Any CPU
		{5BA34283-93EE-46EE-89E2-736DDD3FE4D5}.Debug|Any CPU.ActiveCfg = Debug|Any CPU
		{5BA34283-93EE-46EE-89E2-736DDD3FE4D5}.Debug|Any CPU.Build.0 = Debug|Any CPU
		{5BA34283-93EE-46EE-89E2-736DDD3FE4D5}.Release|Any CPU.ActiveCfg = Release|Any CPU
		{5BA34283-93EE-46EE-89E2-736DDD3FE4D5}.Release|Any CPU.Build.0 = Release|Any CPU
		{18F961A7-8E4F-452F-A891-3BAB4FD6454E}.Debug|Any CPU.ActiveCfg = Debug|Any CPU
		{18F961A7-8E4F-452F-A891-3BAB4FD6454E}.Debug|Any CPU.Build.0 = Debug|Any CPU
		{18F961A7-8E4F-452F-A891-3BAB4FD6454E}.Release|Any CPU.ActiveCfg = Release|Any CPU
		{18F961A7-8E4F-452F-A891-3BAB4FD6454E}.Release|Any CPU.Build.0 = Release|Any CPU
		{C6045420-FF93-4B33-9A80-E1101F1C2528}.Debug|Any CPU.ActiveCfg = Debug|Any CPU
		{C6045420-FF93-4B33-9A80-E1101F1C2528}.Debug|Any CPU.Build.0 = Debug|Any CPU
		{C6045420-FF93-4B33-9A80-E1101F1C2528}.Release|Any CPU.ActiveCfg = Release|Any CPU
		{C6045420-FF93-4B33-9A80-E1101F1C2528}.Release|Any CPU.Build.0 = Release|Any CPU
		{217255E2-FF8D-4886-88AB-D8ADBFAC22DF}.Debug|Any CPU.ActiveCfg = Debug|Any CPU
		{217255E2-FF8D-4886-88AB-D8ADBFAC22DF}.Debug|Any CPU.Build.0 = Debug|Any CPU
		{217255E2-FF8D-4886-88AB-D8ADBFAC22DF}.Release|Any CPU.ActiveCfg = Release|Any CPU
		{217255E2-FF8D-4886-88AB-D8ADBFAC22DF}.Release|Any CPU.Build.0 = Release|Any CPU
		{A86BE55C-3C99-413E-A3BF-EC5D659981B7}.Debug|Any CPU.ActiveCfg = Debug|Any CPU
		{A86BE55C-3C99-413E-A3BF-EC5D659981B7}.Debug|Any CPU.Build.0 = Debug|Any CPU
		{A86BE55C-3C99-413E-A3BF-EC5D659981B7}.Release|Any CPU.ActiveCfg = Release|Any CPU
		{A86BE55C-3C99-413E-A3BF-EC5D659981B7}.Release|Any CPU.Build.0 = Release|Any CPU
		{42FC6925-6580-4EAE-BDB6-ABBC974D2877}.Debug|Any CPU.ActiveCfg = Debug|Any CPU
		{42FC6925-6580-4EAE-BDB6-ABBC974D2877}.Debug|Any CPU.Build.0 = Debug|Any CPU
		{42FC6925-6580-4EAE-BDB6-ABBC974D2877}.Release|Any CPU.ActiveCfg = Release|Any CPU
		{42FC6925-6580-4EAE-BDB6-ABBC974D2877}.Release|Any CPU.Build.0 = Release|Any CPU
		{155020E0-03A9-46EB-8AF6-80FD5A28D131}.Debug|Any CPU.ActiveCfg = Debug|Any CPU
		{155020E0-03A9-46EB-8AF6-80FD5A28D131}.Debug|Any CPU.Build.0 = Debug|Any CPU
		{155020E0-03A9-46EB-8AF6-80FD5A28D131}.Release|Any CPU.ActiveCfg = Release|Any CPU
		{155020E0-03A9-46EB-8AF6-80FD5A28D131}.Release|Any CPU.Build.0 = Release|Any CPU
		{6A5F3776-5155-4189-B514-8E806EDD5C8B}.Debug|Any CPU.ActiveCfg = Debug|Any CPU
		{6A5F3776-5155-4189-B514-8E806EDD5C8B}.Debug|Any CPU.Build.0 = Debug|Any CPU
		{6A5F3776-5155-4189-B514-8E806EDD5C8B}.Release|Any CPU.ActiveCfg = Release|Any CPU
		{6A5F3776-5155-4189-B514-8E806EDD5C8B}.Release|Any CPU.Build.0 = Release|Any CPU
		{2F48E51B-20B8-4A35-978D-C685719ED673}.Debug|Any CPU.ActiveCfg = Debug|Any CPU
		{2F48E51B-20B8-4A35-978D-C685719ED673}.Debug|Any CPU.Build.0 = Debug|Any CPU
		{2F48E51B-20B8-4A35-978D-C685719ED673}.Release|Any CPU.ActiveCfg = Release|Any CPU
		{2F48E51B-20B8-4A35-978D-C685719ED673}.Release|Any CPU.Build.0 = Release|Any CPU
		{330D4DE0-FEA3-4BB8-B537-E90DD0729C48}.Debug|Any CPU.ActiveCfg = Debug|Any CPU
		{330D4DE0-FEA3-4BB8-B537-E90DD0729C48}.Debug|Any CPU.Build.0 = Debug|Any CPU
		{330D4DE0-FEA3-4BB8-B537-E90DD0729C48}.Release|Any CPU.ActiveCfg = Release|Any CPU
		{330D4DE0-FEA3-4BB8-B537-E90DD0729C48}.Release|Any CPU.Build.0 = Release|Any CPU
		{7FACFDBB-B083-463A-ADDD-E95B9276F7B7}.Debug|Any CPU.ActiveCfg = Debug|Any CPU
		{7FACFDBB-B083-463A-ADDD-E95B9276F7B7}.Debug|Any CPU.Build.0 = Debug|Any CPU
		{7FACFDBB-B083-463A-ADDD-E95B9276F7B7}.Release|Any CPU.ActiveCfg = Release|Any CPU
		{7FACFDBB-B083-463A-ADDD-E95B9276F7B7}.Release|Any CPU.Build.0 = Release|Any CPU
		{8281946B-3B7A-47AD-8014-3543B4613D10}.Debug|Any CPU.ActiveCfg = Debug|Any CPU
		{8281946B-3B7A-47AD-8014-3543B4613D10}.Debug|Any CPU.Build.0 = Debug|Any CPU
		{8281946B-3B7A-47AD-8014-3543B4613D10}.Release|Any CPU.ActiveCfg = Release|Any CPU
		{8281946B-3B7A-47AD-8014-3543B4613D10}.Release|Any CPU.Build.0 = Release|Any CPU
		{70D9489A-2BB3-4C4D-9336-4E7A45087974}.Debug|Any CPU.ActiveCfg = Debug|Any CPU
		{70D9489A-2BB3-4C4D-9336-4E7A45087974}.Debug|Any CPU.Build.0 = Debug|Any CPU
		{70D9489A-2BB3-4C4D-9336-4E7A45087974}.Release|Any CPU.ActiveCfg = Release|Any CPU
		{70D9489A-2BB3-4C4D-9336-4E7A45087974}.Release|Any CPU.Build.0 = Release|Any CPU
		{E340E4B0-1898-4987-B43B-E9D3737A3E77}.Debug|Any CPU.ActiveCfg = Debug|Any CPU
		{E340E4B0-1898-4987-B43B-E9D3737A3E77}.Debug|Any CPU.Build.0 = Debug|Any CPU
		{E340E4B0-1898-4987-B43B-E9D3737A3E77}.Release|Any CPU.ActiveCfg = Release|Any CPU
		{E340E4B0-1898-4987-B43B-E9D3737A3E77}.Release|Any CPU.Build.0 = Release|Any CPU
		{2B6DA06A-A942-44E2-8AA5-E54571BF8EB6}.Debug|Any CPU.ActiveCfg = Debug|Any CPU
		{2B6DA06A-A942-44E2-8AA5-E54571BF8EB6}.Debug|Any CPU.Build.0 = Debug|Any CPU
		{2B6DA06A-A942-44E2-8AA5-E54571BF8EB6}.Release|Any CPU.ActiveCfg = Release|Any CPU
		{2B6DA06A-A942-44E2-8AA5-E54571BF8EB6}.Release|Any CPU.Build.0 = Release|Any CPU
		{FD9E2551-5E82-4188-8B10-E98F352E12CD}.Debug|Any CPU.ActiveCfg = Debug|Any CPU
		{FD9E2551-5E82-4188-8B10-E98F352E12CD}.Debug|Any CPU.Build.0 = Debug|Any CPU
		{FD9E2551-5E82-4188-8B10-E98F352E12CD}.Release|Any CPU.ActiveCfg = Release|Any CPU
		{FD9E2551-5E82-4188-8B10-E98F352E12CD}.Release|Any CPU.Build.0 = Release|Any CPU
		{A582A1CA-9501-40A7-963C-E7A4B281FF6D}.Debug|Any CPU.ActiveCfg = Debug|Any CPU
		{A582A1CA-9501-40A7-963C-E7A4B281FF6D}.Debug|Any CPU.Build.0 = Debug|Any CPU
		{A582A1CA-9501-40A7-963C-E7A4B281FF6D}.Release|Any CPU.ActiveCfg = Release|Any CPU
		{A582A1CA-9501-40A7-963C-E7A4B281FF6D}.Release|Any CPU.Build.0 = Release|Any CPU
		{0D0225F2-84A2-4C83-BDA3-B0BFCC189789}.Debug|Any CPU.ActiveCfg = Debug|Any CPU
		{0D0225F2-84A2-4C83-BDA3-B0BFCC189789}.Debug|Any CPU.Build.0 = Debug|Any CPU
		{0D0225F2-84A2-4C83-BDA3-B0BFCC189789}.Release|Any CPU.ActiveCfg = Release|Any CPU
		{0D0225F2-84A2-4C83-BDA3-B0BFCC189789}.Release|Any CPU.Build.0 = Release|Any CPU
		{ADF85D75-5876-4A99-921F-CD4231963325}.Debug|Any CPU.ActiveCfg = Debug|Any CPU
		{ADF85D75-5876-4A99-921F-CD4231963325}.Debug|Any CPU.Build.0 = Debug|Any CPU
		{ADF85D75-5876-4A99-921F-CD4231963325}.Release|Any CPU.ActiveCfg = Release|Any CPU
		{ADF85D75-5876-4A99-921F-CD4231963325}.Release|Any CPU.Build.0 = Release|Any CPU
		{7CF9898B-BA15-4D05-807A-7373C8746DE8}.Debug|Any CPU.ActiveCfg = Debug|Any CPU
		{7CF9898B-BA15-4D05-807A-7373C8746DE8}.Debug|Any CPU.Build.0 = Debug|Any CPU
		{7CF9898B-BA15-4D05-807A-7373C8746DE8}.Release|Any CPU.ActiveCfg = Release|Any CPU
		{7CF9898B-BA15-4D05-807A-7373C8746DE8}.Release|Any CPU.Build.0 = Release|Any CPU
		{4E53A42D-7FFE-4168-AE88-F5666CA16C27}.Debug|Any CPU.ActiveCfg = Debug|Any CPU
		{4E53A42D-7FFE-4168-AE88-F5666CA16C27}.Debug|Any CPU.Build.0 = Debug|Any CPU
		{4E53A42D-7FFE-4168-AE88-F5666CA16C27}.Release|Any CPU.ActiveCfg = Release|Any CPU
		{4E53A42D-7FFE-4168-AE88-F5666CA16C27}.Release|Any CPU.Build.0 = Release|Any CPU
		{9E13B10A-4F2E-4C5C-918F-DFF30802C095}.Debug|Any CPU.ActiveCfg = Debug|Any CPU
		{9E13B10A-4F2E-4C5C-918F-DFF30802C095}.Debug|Any CPU.Build.0 = Debug|Any CPU
		{9E13B10A-4F2E-4C5C-918F-DFF30802C095}.Release|Any CPU.ActiveCfg = Release|Any CPU
		{9E13B10A-4F2E-4C5C-918F-DFF30802C095}.Release|Any CPU.Build.0 = Release|Any CPU
		{8568767D-51E0-4A0B-BFE7-0F2C5151739D}.Debug|Any CPU.ActiveCfg = Debug|Any CPU
		{8568767D-51E0-4A0B-BFE7-0F2C5151739D}.Debug|Any CPU.Build.0 = Debug|Any CPU
		{8568767D-51E0-4A0B-BFE7-0F2C5151739D}.Release|Any CPU.ActiveCfg = Release|Any CPU
		{8568767D-51E0-4A0B-BFE7-0F2C5151739D}.Release|Any CPU.Build.0 = Release|Any CPU
	EndGlobalSection
	GlobalSection(SolutionProperties) = preSolution
		HideSolutionNode = FALSE
	EndGlobalSection
	GlobalSection(NestedProjects) = preSolution
		{725D0B0D-1C38-4F2C-802F-D466DBD3E3A3} = {C670A845-685A-43B8-9EB1-C1005CBC25E0}
		{17507FFF-7495-4D1E-8EC1-371364478967} = {C71F8CE1-4847-4AAC-8CED-C5CACDEEA988}
		{4E0B3D5C-3274-41BA-89C0-2233A5FB169B} = {C71F8CE1-4847-4AAC-8CED-C5CACDEEA988}
		{42B0397F-8171-42B8-8058-C083652C49A4} = {C71F8CE1-4847-4AAC-8CED-C5CACDEEA988}
		{3598047D-15D8-4D99-A1C5-9A426CABB40C} = {B1BD1239-3377-4747-9482-7C5312A3509A}
		{E86DD425-523E-462C-9457-47211CF6D0B7} = {C670A845-685A-43B8-9EB1-C1005CBC25E0}
		{70559ACC-CCB9-40F5-9390-31223AA3AE07} = {6507C386-74AE-47D8-ABEA-18079E374F19}
		{A2C75686-6710-466C-BE81-A1CB476BE9AA} = {6507C386-74AE-47D8-ABEA-18079E374F19}
		{297917B9-96D5-40A2-A5D3-CBFF8BEF24CA} = {6507C386-74AE-47D8-ABEA-18079E374F19}
		{9925E345-1842-49DA-9A05-986AE60A9566} = {6507C386-74AE-47D8-ABEA-18079E374F19}
		{C6016F27-76C9-4DD8-BC61-83530B1DBDE2} = {6507C386-74AE-47D8-ABEA-18079E374F19}
		{34239E16-4C42-4C4C-86DA-14AF5104C0EB} = {BE0490D4-98AD-4097-8022-D08C7F33D1CB}
		{D174BAA9-B76C-40C5-AFEF-6B4620C72C36} = {30D60903-B13C-47A8-B3A8-A9AAAC31673B}
		{955F3271-47F1-4533-A1D7-4402A9E3FAFF} = {30D60903-B13C-47A8-B3A8-A9AAAC31673B}
		{8F7CC5DD-EAA6-4AF2-BF66-0E32731FD2EA} = {30D60903-B13C-47A8-B3A8-A9AAAC31673B}
		{464420CE-D5DD-46E5-ABD3-E5DEE6CF187E} = {8F7CC5DD-EAA6-4AF2-BF66-0E32731FD2EA}
		{F06845A7-FFFA-4DDE-A464-6D243DC4B9A3} = {8F7CC5DD-EAA6-4AF2-BF66-0E32731FD2EA}
		{68BB0605-720B-4632-8CA4-01B11CC0E41F} = {8F7CC5DD-EAA6-4AF2-BF66-0E32731FD2EA}
		{DB16CD39-87AA-4BC5-B351-7C58C68C3176} = {30D60903-B13C-47A8-B3A8-A9AAAC31673B}
		{9CDE5494-FC28-4E0C-B44A-607E9D671AEF} = {30D60903-B13C-47A8-B3A8-A9AAAC31673B}
		{37E25AE1-3382-4264-80EC-D23A6127ED31} = {9CDE5494-FC28-4E0C-B44A-607E9D671AEF}
		{5E83434B-B308-4FC0-B091-13ACCD175551} = {30D60903-B13C-47A8-B3A8-A9AAAC31673B}
		{FC51D702-67C2-48DE-8445-45B852593344} = {5E83434B-B308-4FC0-B091-13ACCD175551}
		{7AADC9F9-16B6-4BE7-8FB9-333D49322BBF} = {5E83434B-B308-4FC0-B091-13ACCD175551}
		{29850D41-FAF5-440C-A873-5C59527A1C22} = {5E83434B-B308-4FC0-B091-13ACCD175551}
		{5BA34283-93EE-46EE-89E2-736DDD3FE4D5} = {5E83434B-B308-4FC0-B091-13ACCD175551}
		{18F961A7-8E4F-452F-A891-3BAB4FD6454E} = {9CDE5494-FC28-4E0C-B44A-607E9D671AEF}
		{C6045420-FF93-4B33-9A80-E1101F1C2528} = {30D60903-B13C-47A8-B3A8-A9AAAC31673B}
		{217255E2-FF8D-4886-88AB-D8ADBFAC22DF} = {30D60903-B13C-47A8-B3A8-A9AAAC31673B}
		{A86BE55C-3C99-413E-A3BF-EC5D659981B7} = {9CDE5494-FC28-4E0C-B44A-607E9D671AEF}
		{7800F4B1-482E-4D81-994B-37F59254A751} = {9CDE5494-FC28-4E0C-B44A-607E9D671AEF}
		{42FC6925-6580-4EAE-BDB6-ABBC974D2877} = {7800F4B1-482E-4D81-994B-37F59254A751}
		{155020E0-03A9-46EB-8AF6-80FD5A28D131} = {7800F4B1-482E-4D81-994B-37F59254A751}
		{6A5F3776-5155-4189-B514-8E806EDD5C8B} = {7800F4B1-482E-4D81-994B-37F59254A751}
		{828F2A94-F257-467E-BDCB-C566BCE082A8} = {9CDE5494-FC28-4E0C-B44A-607E9D671AEF}
		{2F48E51B-20B8-4A35-978D-C685719ED673} = {828F2A94-F257-467E-BDCB-C566BCE082A8}
		{330D4DE0-FEA3-4BB8-B537-E90DD0729C48} = {30D60903-B13C-47A8-B3A8-A9AAAC31673B}
		{7B94EDB0-99EC-4CD9-A3DF-F1CA5A4B7F6B} = {9CDE5494-FC28-4E0C-B44A-607E9D671AEF}
		{7FACFDBB-B083-463A-ADDD-E95B9276F7B7} = {7B94EDB0-99EC-4CD9-A3DF-F1CA5A4B7F6B}
		{8281946B-3B7A-47AD-8014-3543B4613D10} = {9CDE5494-FC28-4E0C-B44A-607E9D671AEF}
		{2F5D949E-8A2D-49AD-BD9F-97739CBFACBE} = {30D60903-B13C-47A8-B3A8-A9AAAC31673B}
		{70D9489A-2BB3-4C4D-9336-4E7A45087974} = {2F5D949E-8A2D-49AD-BD9F-97739CBFACBE}
		{E340E4B0-1898-4987-B43B-E9D3737A3E77} = {2F5D949E-8A2D-49AD-BD9F-97739CBFACBE}
		{2B6DA06A-A942-44E2-8AA5-E54571BF8EB6} = {9CDE5494-FC28-4E0C-B44A-607E9D671AEF}
		{FD9E2551-5E82-4188-8B10-E98F352E12CD} = {9CDE5494-FC28-4E0C-B44A-607E9D671AEF}
		{A582A1CA-9501-40A7-963C-E7A4B281FF6D} = {9CDE5494-FC28-4E0C-B44A-607E9D671AEF}
		{0D0225F2-84A2-4C83-BDA3-B0BFCC189789} = {2F5D949E-8A2D-49AD-BD9F-97739CBFACBE}
		{ADF85D75-5876-4A99-921F-CD4231963325} = {6507C386-74AE-47D8-ABEA-18079E374F19}
		{7CF9898B-BA15-4D05-807A-7373C8746DE8} = {30D60903-B13C-47A8-B3A8-A9AAAC31673B}
		{4E53A42D-7FFE-4168-AE88-F5666CA16C27} = {6507C386-74AE-47D8-ABEA-18079E374F19}
		{24FEA7DB-235A-41C8-B7F3-537F2F36A71D} = {30D60903-B13C-47A8-B3A8-A9AAAC31673B}
		{9E13B10A-4F2E-4C5C-918F-DFF30802C095} = {24FEA7DB-235A-41C8-B7F3-537F2F36A71D}
		{8568767D-51E0-4A0B-BFE7-0F2C5151739D} = {24FEA7DB-235A-41C8-B7F3-537F2F36A71D}
	EndGlobalSection
	GlobalSection(ExtensibilityGlobals) = postSolution
		SolutionGuid = {021765B0-C879-4A67-9558-B310892E6A32}
	EndGlobalSection
EndGlobal
